// !$*UTF8*$!
{
	archiveVersion = 1;
	classes = {
	};
	objectVersion = 46;
	objects = {

/* Begin PBXBuildFile section */
		5005E4C3158250DA008F26C8 /* EGORefreshTableHeaderView.m in Sources */ = {isa = PBXBuildFile; fileRef = 5005E4C2158250DA008F26C8 /* EGORefreshTableHeaderView.m */; };
		5005E4CA158250F4008F26C8 /* blackArrow.png in Resources */ = {isa = PBXBuildFile; fileRef = 5005E4C4158250F4008F26C8 /* blackArrow.png */; };
		5005E4CB158250F4008F26C8 /* blackArrow@2x.png in Resources */ = {isa = PBXBuildFile; fileRef = 5005E4C5158250F4008F26C8 /* blackArrow@2x.png */; };
		5005E4CC158250F4008F26C8 /* blueArrow.png in Resources */ = {isa = PBXBuildFile; fileRef = 5005E4C6158250F4008F26C8 /* blueArrow.png */; };
		5005E4CD158250F4008F26C8 /* blueArrow@2x.png in Resources */ = {isa = PBXBuildFile; fileRef = 5005E4C7158250F4008F26C8 /* blueArrow@2x.png */; };
		5005E4CE158250F4008F26C8 /* whiteArrow.png in Resources */ = {isa = PBXBuildFile; fileRef = 5005E4C8158250F4008F26C8 /* whiteArrow.png */; };
		5005E4CF158250F4008F26C8 /* whiteArrow@2x.png in Resources */ = {isa = PBXBuildFile; fileRef = 5005E4C9158250F4008F26C8 /* whiteArrow@2x.png */; };
		5005E4D215825109008F26C8 /* grayArrow.png in Resources */ = {isa = PBXBuildFile; fileRef = 5005E4D015825109008F26C8 /* grayArrow.png */; };
		5005E4D315825109008F26C8 /* grayArrow@2x.png in Resources */ = {isa = PBXBuildFile; fileRef = 5005E4D115825109008F26C8 /* grayArrow@2x.png */; };
		5005E4D515825163008F26C8 /* QuartzCore.framework in Frameworks */ = {isa = PBXBuildFile; fileRef = 5005E4D415825163008F26C8 /* QuartzCore.framework */; };
		882735EC1472CAB7009B73B5 /* TweetComposeViewController.m in Sources */ = {isa = PBXBuildFile; fileRef = 882735EA1472CAB7009B73B5 /* TweetComposeViewController.m */; };
		882735ED1472CAB7009B73B5 /* TweetComposeViewController.xib in Resources */ = {isa = PBXBuildFile; fileRef = 882735EB1472CAB7009B73B5 /* TweetComposeViewController.xib */; };
		88850FC114272FBA000A61F9 /* UIKit.framework in Frameworks */ = {isa = PBXBuildFile; fileRef = 88850FC014272FBA000A61F9 /* UIKit.framework */; };
		88850FC314272FBA000A61F9 /* Foundation.framework in Frameworks */ = {isa = PBXBuildFile; fileRef = 88850FC214272FBA000A61F9 /* Foundation.framework */; };
		88850FC514272FBA000A61F9 /* CoreGraphics.framework in Frameworks */ = {isa = PBXBuildFile; fileRef = 88850FC414272FBA000A61F9 /* CoreGraphics.framework */; };
		88850FCB14272FBA000A61F9 /* InfoPlist.strings in Resources */ = {isa = PBXBuildFile; fileRef = 88850FC914272FBA000A61F9 /* InfoPlist.strings */; };
		88850FCD14272FBA000A61F9 /* main.m in Sources */ = {isa = PBXBuildFile; fileRef = 88850FCC14272FBA000A61F9 /* main.m */; };
		88850FD114272FBA000A61F9 /* AppDelegate.m in Sources */ = {isa = PBXBuildFile; fileRef = 88850FD014272FBA000A61F9 /* AppDelegate.m */; };
		88850FD9142730A2000A61F9 /* AccountsListViewController.m in Sources */ = {isa = PBXBuildFile; fileRef = 88850FD8142730A2000A61F9 /* AccountsListViewController.m */; };
		88850FDE1427330F000A61F9 /* Twitter.framework in Frameworks */ = {isa = PBXBuildFile; fileRef = 88850FDD1427330F000A61F9 /* Twitter.framework */; };
		88850FE014273316000A61F9 /* Accounts.framework in Frameworks */ = {isa = PBXBuildFile; fileRef = 88850FDF14273316000A61F9 /* Accounts.framework */; };
		888B42EB144D5FE400A8FAFC /* TweetsListViewController.m in Sources */ = {isa = PBXBuildFile; fileRef = 888B42EA144D5FE400A8FAFC /* TweetsListViewController.m */; };
/* End PBXBuildFile section */

/* Begin PBXFileReference section */
		5005E4C1158250DA008F26C8 /* EGORefreshTableHeaderView.h */ = {isa = PBXFileReference; fileEncoding = 4; lastKnownFileType = sourcecode.c.h; path = EGORefreshTableHeaderView.h; sourceTree = "<group>"; };
		5005E4C2158250DA008F26C8 /* EGORefreshTableHeaderView.m */ = {isa = PBXFileReference; fileEncoding = 4; lastKnownFileType = sourcecode.c.objc; path = EGORefreshTableHeaderView.m; sourceTree = "<group>"; };
		5005E4C4158250F4008F26C8 /* blackArrow.png */ = {isa = PBXFileReference; lastKnownFileType = image.png; path = blackArrow.png; sourceTree = "<group>"; };
		5005E4C5158250F4008F26C8 /* blackArrow@2x.png */ = {isa = PBXFileReference; lastKnownFileType = image.png; path = "blackArrow@2x.png"; sourceTree = "<group>"; };
		5005E4C6158250F4008F26C8 /* blueArrow.png */ = {isa = PBXFileReference; lastKnownFileType = image.png; path = blueArrow.png; sourceTree = "<group>"; };
		5005E4C7158250F4008F26C8 /* blueArrow@2x.png */ = {isa = PBXFileReference; lastKnownFileType = image.png; path = "blueArrow@2x.png"; sourceTree = "<group>"; };
		5005E4C8158250F4008F26C8 /* whiteArrow.png */ = {isa = PBXFileReference; lastKnownFileType = image.png; path = whiteArrow.png; sourceTree = "<group>"; };
		5005E4C9158250F4008F26C8 /* whiteArrow@2x.png */ = {isa = PBXFileReference; lastKnownFileType = image.png; path = "whiteArrow@2x.png"; sourceTree = "<group>"; };
		5005E4D015825109008F26C8 /* grayArrow.png */ = {isa = PBXFileReference; lastKnownFileType = image.png; path = grayArrow.png; sourceTree = "<group>"; };
		5005E4D115825109008F26C8 /* grayArrow@2x.png */ = {isa = PBXFileReference; lastKnownFileType = image.png; path = "grayArrow@2x.png"; sourceTree = "<group>"; };
		5005E4D415825163008F26C8 /* QuartzCore.framework */ = {isa = PBXFileReference; lastKnownFileType = wrapper.framework; name = QuartzCore.framework; path = System/Library/Frameworks/QuartzCore.framework; sourceTree = SDKROOT; };
		882735E91472CAB7009B73B5 /* TweetComposeViewController.h */ = {isa = PBXFileReference; fileEncoding = 4; lastKnownFileType = sourcecode.c.h; lineEnding = 0; path = TweetComposeViewController.h; sourceTree = "<group>"; xcLanguageSpecificationIdentifier = xcode.lang.objcpp; };
		882735EA1472CAB7009B73B5 /* TweetComposeViewController.m */ = {isa = PBXFileReference; fileEncoding = 4; lastKnownFileType = sourcecode.c.objc; lineEnding = 0; path = TweetComposeViewController.m; sourceTree = "<group>"; xcLanguageSpecificationIdentifier = xcode.lang.objc; };
		882735EB1472CAB7009B73B5 /* TweetComposeViewController.xib */ = {isa = PBXFileReference; fileEncoding = 4; lastKnownFileType = file.xib; path = TweetComposeViewController.xib; sourceTree = "<group>"; };
		88850FBC14272FBA000A61F9 /* TwitterClient.app */ = {isa = PBXFileReference; explicitFileType = wrapper.application; includeInIndex = 0; path = TwitterClient.app; sourceTree = BUILT_PRODUCTS_DIR; };
		88850FC014272FBA000A61F9 /* UIKit.framework */ = {isa = PBXFileReference; lastKnownFileType = wrapper.framework; name = UIKit.framework; path = System/Library/Frameworks/UIKit.framework; sourceTree = SDKROOT; };
		88850FC214272FBA000A61F9 /* Foundation.framework */ = {isa = PBXFileReference; lastKnownFileType = wrapper.framework; name = Foundation.framework; path = System/Library/Frameworks/Foundation.framework; sourceTree = SDKROOT; };
		88850FC414272FBA000A61F9 /* CoreGraphics.framework */ = {isa = PBXFileReference; lastKnownFileType = wrapper.framework; name = CoreGraphics.framework; path = System/Library/Frameworks/CoreGraphics.framework; sourceTree = SDKROOT; };
		88850FC814272FBA000A61F9 /* TwitterClient-Info.plist */ = {isa = PBXFileReference; lastKnownFileType = text.plist.xml; path = "TwitterClient-Info.plist"; sourceTree = "<group>"; };
		88850FCA14272FBA000A61F9 /* en */ = {isa = PBXFileReference; lastKnownFileType = text.plist.strings; name = en; path = en.lproj/InfoPlist.strings; sourceTree = "<group>"; };
		88850FCC14272FBA000A61F9 /* main.m */ = {isa = PBXFileReference; lastKnownFileType = sourcecode.c.objc; lineEnding = 0; path = main.m; sourceTree = "<group>"; xcLanguageSpecificationIdentifier = xcode.lang.objc; };
		88850FCE14272FBA000A61F9 /* TwitterClient-Prefix.pch */ = {isa = PBXFileReference; lastKnownFileType = sourcecode.c.h; path = "TwitterClient-Prefix.pch"; sourceTree = "<group>"; };
		88850FCF14272FBA000A61F9 /* AppDelegate.h */ = {isa = PBXFileReference; lastKnownFileType = sourcecode.c.h; lineEnding = 0; path = AppDelegate.h; sourceTree = "<group>"; xcLanguageSpecificationIdentifier = xcode.lang.objcpp; };
		88850FD014272FBA000A61F9 /* AppDelegate.m */ = {isa = PBXFileReference; lastKnownFileType = sourcecode.c.objc; lineEnding = 0; path = AppDelegate.m; sourceTree = "<group>"; xcLanguageSpecificationIdentifier = xcode.lang.objc; };
		88850FD7142730A2000A61F9 /* AccountsListViewController.h */ = {isa = PBXFileReference; fileEncoding = 4; lastKnownFileType = sourcecode.c.h; lineEnding = 0; path = AccountsListViewController.h; sourceTree = "<group>"; xcLanguageSpecificationIdentifier = xcode.lang.objcpp; };
		88850FD8142730A2000A61F9 /* AccountsListViewController.m */ = {isa = PBXFileReference; fileEncoding = 4; lastKnownFileType = sourcecode.c.objc; lineEnding = 0; path = AccountsListViewController.m; sourceTree = "<group>"; xcLanguageSpecificationIdentifier = xcode.lang.objc; };
		88850FDD1427330F000A61F9 /* Twitter.framework */ = {isa = PBXFileReference; lastKnownFileType = wrapper.framework; name = Twitter.framework; path = System/Library/Frameworks/Twitter.framework; sourceTree = SDKROOT; };
		88850FDF14273316000A61F9 /* Accounts.framework */ = {isa = PBXFileReference; lastKnownFileType = wrapper.framework; name = Accounts.framework; path = System/Library/Frameworks/Accounts.framework; sourceTree = SDKROOT; };
		888B42E9144D5FE400A8FAFC /* TweetsListViewController.h */ = {isa = PBXFileReference; fileEncoding = 4; lastKnownFileType = sourcecode.c.h; lineEnding = 0; path = TweetsListViewController.h; sourceTree = "<group>"; xcLanguageSpecificationIdentifier = xcode.lang.objcpp; };
		888B42EA144D5FE400A8FAFC /* TweetsListViewController.m */ = {isa = PBXFileReference; fileEncoding = 4; lastKnownFileType = sourcecode.c.objc; lineEnding = 0; path = TweetsListViewController.m; sourceTree = "<group>"; xcLanguageSpecificationIdentifier = xcode.lang.objc; };
/* End PBXFileReference section */

/* Begin PBXFrameworksBuildPhase section */
		88850FB914272FBA000A61F9 /* Frameworks */ = {
			isa = PBXFrameworksBuildPhase;
			buildActionMask = 2147483647;
			files = (
				5005E4D515825163008F26C8 /* QuartzCore.framework in Frameworks */,
				88850FE014273316000A61F9 /* Accounts.framework in Frameworks */,
				88850FDE1427330F000A61F9 /* Twitter.framework in Frameworks */,
				88850FC114272FBA000A61F9 /* UIKit.framework in Frameworks */,
				88850FC314272FBA000A61F9 /* Foundation.framework in Frameworks */,
				88850FC514272FBA000A61F9 /* CoreGraphics.framework in Frameworks */,
			);
			runOnlyForDeploymentPostprocessing = 0;
		};
/* End PBXFrameworksBuildPhase section */

/* Begin PBXGroup section */
		5005E4BF1582509C008F26C8 /* Pull to Refresh */ = {
			isa = PBXGroup;
			children = (
				5005E4D015825109008F26C8 /* grayArrow.png */,
				5005E4D115825109008F26C8 /* grayArrow@2x.png */,
				5005E4C4158250F4008F26C8 /* blackArrow.png */,
				5005E4C5158250F4008F26C8 /* blackArrow@2x.png */,
				5005E4C6158250F4008F26C8 /* blueArrow.png */,
				5005E4C7158250F4008F26C8 /* blueArrow@2x.png */,
				5005E4C8158250F4008F26C8 /* whiteArrow.png */,
				5005E4C9158250F4008F26C8 /* whiteArrow@2x.png */,
				5005E4C1158250DA008F26C8 /* EGORefreshTableHeaderView.h */,
				5005E4C2158250DA008F26C8 /* EGORefreshTableHeaderView.m */,
			);
			name = "Pull to Refresh";
			sourceTree = "<group>";
		};
		88850FB114272FBA000A61F9 = {
			isa = PBXGroup;
			children = (
				88850FC614272FBA000A61F9 /* TwitterClient */,
				88850FBF14272FBA000A61F9 /* Frameworks */,
				88850FBD14272FBA000A61F9 /* Products */,
			);
			sourceTree = "<group>";
		};
		88850FBD14272FBA000A61F9 /* Products */ = {
			isa = PBXGroup;
			children = (
				88850FBC14272FBA000A61F9 /* TwitterClient.app */,
			);
			name = Products;
			sourceTree = "<group>";
		};
		88850FBF14272FBA000A61F9 /* Frameworks */ = {
			isa = PBXGroup;
			children = (
				5005E4D415825163008F26C8 /* QuartzCore.framework */,
				88850FDF14273316000A61F9 /* Accounts.framework */,
				88850FDD1427330F000A61F9 /* Twitter.framework */,
				88850FC014272FBA000A61F9 /* UIKit.framework */,
				88850FC214272FBA000A61F9 /* Foundation.framework */,
				88850FC414272FBA000A61F9 /* CoreGraphics.framework */,
			);
			name = Frameworks;
			sourceTree = "<group>";
		};
		88850FC614272FBA000A61F9 /* TwitterClient */ = {
			isa = PBXGroup;
			children = (
				88850FCF14272FBA000A61F9 /* AppDelegate.h */,
				88850FD014272FBA000A61F9 /* AppDelegate.m */,
				88850FC714272FBA000A61F9 /* Supporting Files */,
				88850FD7142730A2000A61F9 /* AccountsListViewController.h */,
				88850FD8142730A2000A61F9 /* AccountsListViewController.m */,
				888B42E9144D5FE400A8FAFC /* TweetsListViewController.h */,
				888B42EA144D5FE400A8FAFC /* TweetsListViewController.m */,
				882735E91472CAB7009B73B5 /* TweetComposeViewController.h */,
				882735EA1472CAB7009B73B5 /* TweetComposeViewController.m */,
				882735EB1472CAB7009B73B5 /* TweetComposeViewController.xib */,
				5005E4BF1582509C008F26C8 /* Pull to Refresh */,
			);
			path = TwitterClient;
			sourceTree = "<group>";
		};
		88850FC714272FBA000A61F9 /* Supporting Files */ = {
			isa = PBXGroup;
			children = (
				88850FC814272FBA000A61F9 /* TwitterClient-Info.plist */,
				88850FC914272FBA000A61F9 /* InfoPlist.strings */,
				88850FCC14272FBA000A61F9 /* main.m */,
				88850FCE14272FBA000A61F9 /* TwitterClient-Prefix.pch */,
			);
			name = "Supporting Files";
			sourceTree = "<group>";
		};
/* End PBXGroup section */

/* Begin PBXNativeTarget section */
		88850FBB14272FBA000A61F9 /* TwitterClient */ = {
			isa = PBXNativeTarget;
			buildConfigurationList = 88850FD414272FBA000A61F9 /* Build configuration list for PBXNativeTarget "TwitterClient" */;
			buildPhases = (
				88850FB814272FBA000A61F9 /* Sources */,
				88850FB914272FBA000A61F9 /* Frameworks */,
				88850FBA14272FBA000A61F9 /* Resources */,
			);
			buildRules = (
			);
			dependencies = (
			);
			name = TwitterClient;
			productName = TwitterClient;
			productReference = 88850FBC14272FBA000A61F9 /* TwitterClient.app */;
			productType = "com.apple.product-type.application";
		};
/* End PBXNativeTarget section */

/* Begin PBXProject section */
		88850FB314272FBA000A61F9 /* Project object */ = {
			isa = PBXProject;
			attributes = {
				LastUpgradeCheck = 0420;
				ORGANIZATIONNAME = itemis;
			};
			buildConfigurationList = 88850FB614272FBA000A61F9 /* Build configuration list for PBXProject "TwitterClient" */;
			compatibilityVersion = "Xcode 3.2";
			developmentRegion = English;
			hasScannedForEncodings = 0;
			knownRegions = (
				en,
			);
			mainGroup = 88850FB114272FBA000A61F9;
			productRefGroup = 88850FBD14272FBA000A61F9 /* Products */;
			projectDirPath = "";
			projectRoot = "";
			targets = (
				88850FBB14272FBA000A61F9 /* TwitterClient */,
			);
		};
/* End PBXProject section */

/* Begin PBXResourcesBuildPhase section */
		88850FBA14272FBA000A61F9 /* Resources */ = {
			isa = PBXResourcesBuildPhase;
			buildActionMask = 2147483647;
			files = (
				88850FCB14272FBA000A61F9 /* InfoPlist.strings in Resources */,
				882735ED1472CAB7009B73B5 /* TweetComposeViewController.xib in Resources */,
				5005E4CA158250F4008F26C8 /* blackArrow.png in Resources */,
				5005E4CB158250F4008F26C8 /* blackArrow@2x.png in Resources */,
				5005E4CC158250F4008F26C8 /* blueArrow.png in Resources */,
				5005E4CD158250F4008F26C8 /* blueArrow@2x.png in Resources */,
				5005E4CE158250F4008F26C8 /* whiteArrow.png in Resources */,
				5005E4CF158250F4008F26C8 /* whiteArrow@2x.png in Resources */,
				5005E4D215825109008F26C8 /* grayArrow.png in Resources */,
				5005E4D315825109008F26C8 /* grayArrow@2x.png in Resources */,
			);
			runOnlyForDeploymentPostprocessing = 0;
		};
/* End PBXResourcesBuildPhase section */

/* Begin PBXSourcesBuildPhase section */
		88850FB814272FBA000A61F9 /* Sources */ = {
			isa = PBXSourcesBuildPhase;
			buildActionMask = 2147483647;
			files = (
				88850FCD14272FBA000A61F9 /* main.m in Sources */,
				88850FD114272FBA000A61F9 /* AppDelegate.m in Sources */,
				88850FD9142730A2000A61F9 /* AccountsListViewController.m in Sources */,
				888B42EB144D5FE400A8FAFC /* TweetsListViewController.m in Sources */,
				882735EC1472CAB7009B73B5 /* TweetComposeViewController.m in Sources */,
				5005E4C3158250DA008F26C8 /* EGORefreshTableHeaderView.m in Sources */,
			);
			runOnlyForDeploymentPostprocessing = 0;
		};
/* End PBXSourcesBuildPhase section */

/* Begin PBXVariantGroup section */
		88850FC914272FBA000A61F9 /* InfoPlist.strings */ = {
			isa = PBXVariantGroup;
			children = (
				88850FCA14272FBA000A61F9 /* en */,
			);
			name = InfoPlist.strings;
			sourceTree = "<group>";
		};
/* End PBXVariantGroup section */

/* Begin XCBuildConfiguration section */
		88850FD214272FBA000A61F9 /* Debug */ = {
			isa = XCBuildConfiguration;
			buildSettings = {
				ALWAYS_SEARCH_USER_PATHS = NO;
				ARCHS = "$(ARCHS_STANDARD_32_BIT)";
				CLANG_ENABLE_OBJC_ARC = YES;
				CLANG_WARN_OBJCPP_ARC_ABI = NO;
				"CODE_SIGN_IDENTITY[sdk=iphoneos*]" = "iPhone Developer";
				COPY_PHASE_STRIP = NO;
				GCC_C_LANGUAGE_STANDARD = gnu99;
				GCC_DYNAMIC_NO_PIC = NO;
				GCC_OPTIMIZATION_LEVEL = 0;
				GCC_PREPROCESSOR_DEFINITIONS = (
					"DEBUG=1",
					"$(inherited)",
				);
				GCC_SYMBOLS_PRIVATE_EXTERN = NO;
				GCC_VERSION = com.apple.compilers.llvm.clang.1_0;
				GCC_WARN_ABOUT_MISSING_PROTOTYPES = YES;
				GCC_WARN_ABOUT_RETURN_TYPE = YES;
				GCC_WARN_UNUSED_VARIABLE = YES;
				IPHONEOS_DEPLOYMENT_TARGET = 5.0;
				RUN_CLANG_STATIC_ANALYZER = YES;
				SDKROOT = iphoneos;
			};
			name = Debug;
		};
		88850FD314272FBA000A61F9 /* Release */ = {
			isa = XCBuildConfiguration;
			buildSettings = {
				ALWAYS_SEARCH_USER_PATHS = NO;
				ARCHS = "$(ARCHS_STANDARD_32_BIT)";
				CLANG_ENABLE_OBJC_ARC = YES;
				CLANG_WARN_OBJCPP_ARC_ABI = NO;
				"CODE_SIGN_IDENTITY[sdk=iphoneos*]" = "iPhone Developer";
				COPY_PHASE_STRIP = YES;
				GCC_C_LANGUAGE_STANDARD = gnu99;
				GCC_VERSION = com.apple.compilers.llvm.clang.1_0;
				GCC_WARN_ABOUT_MISSING_PROTOTYPES = YES;
				GCC_WARN_ABOUT_RETURN_TYPE = YES;
				GCC_WARN_UNUSED_VARIABLE = YES;
				IPHONEOS_DEPLOYMENT_TARGET = 5.0;
				OTHER_CFLAGS = "-DNS_BLOCK_ASSERTIONS=1";
				RUN_CLANG_STATIC_ANALYZER = YES;
				SDKROOT = iphoneos;
				VALIDATE_PRODUCT = YES;
			};
			name = Release;
		};
		88850FD514272FBA000A61F9 /* Debug */ = {
			isa = XCBuildConfiguration;
			buildSettings = {
				CLANG_ENABLE_OBJC_ARC = YES;
				GCC_PRECOMPILE_PREFIX_HEADER = YES;
				GCC_PREFIX_HEADER = "TwitterClient/TwitterClient-Prefix.pch";
				INFOPLIST_FILE = "TwitterClient/TwitterClient-Info.plist";
				PRODUCT_NAME = "$(TARGET_NAME)";
				RUN_CLANG_STATIC_ANALYZER = YES;
				WRAPPER_EXTENSION = app;
			};
			name = Debug;
		};
		88850FD614272FBA000A61F9 /* Release */ = {
			isa = XCBuildConfiguration;
			buildSettings = {
				CLANG_ENABLE_OBJC_ARC = YES;
				GCC_PRECOMPILE_PREFIX_HEADER = YES;
				GCC_PREFIX_HEADER = "TwitterClient/TwitterClient-Prefix.pch";
				INFOPLIST_FILE = "TwitterClient/TwitterClient-Info.plist";
				PRODUCT_NAME = "$(TARGET_NAME)";
				RUN_CLANG_STATIC_ANALYZER = YES;
				WRAPPER_EXTENSION = app;
			};
			name = Release;
		};
/* End XCBuildConfiguration section */

/* Begin XCConfigurationList section */
		88850FB614272FBA000A61F9 /* Build configuration list for PBXProject "TwitterClient" */ = {
			isa = XCConfigurationList;
			buildConfigurations = (
				88850FD214272FBA000A61F9 /* Debug */,
				88850FD314272FBA000A61F9 /* Release */,
			);
			defaultConfigurationIsVisible = 0;
			defaultConfigurationName = Release;
		};
		88850FD414272FBA000A61F9 /* Build configuration list for PBXNativeTarget "TwitterClient" */ = {
			isa = XCConfigurationList;
			buildConfigurations = (
				88850FD514272FBA000A61F9 /* Debug */,
				88850FD614272FBA000A61F9 /* Release */,
			);
			defaultConfigurationIsVisible = 0;
			defaultConfigurationName = Release;
		};
/* End XCConfigurationList section */
	};
	rootObject = 88850FB314272FBA000A61F9 /* Project object */;
}
